<Solution>
  <Folder Name="/Embeddings/">
    <Project Path="Vector.Embeddings/Vector.Embeddings.csproj" Id="0e13c8d2-2fa1-4803-9bb9-23f3ac6b2f9b" />
    <Project Path="Vector.Search/Vector.Search.csproj" Id="37db4144-0396-48f9-b62a-d426e8c943aa" />
  </Folder>
  <Folder Name="/FunctionCall/">
    <Project Path="FunctionCall/FunctionCall.csproj" Id="12387064-f176-404b-bdf6-b9ee3bb16035" />
  </Folder>
  <Folder Name="/TextCompletions/">
    <Project Path="TextCompletion.AI.Ollama/TextCompletion.AI.Ollama.csproj" Id="4f7c803f-9e8a-4843-8de1-97ed9bec9d61" />
    <Project Path="TextCompletion/TextCompletion.csproj" />
  </Folder>
</Solution>
