<Solution>
  <Folder Name="/ComputerVision/">
    <Project Path="ImageAnalysis/ImageAnalysis.csproj" Id="9bcacaee-85d7-4362-9ad7-5b00d2502917" />
  </Folder>
  <Folder Name="/Embeddings/">
    <Project Path="Vector.Embeddings/Vector.Embeddings.csproj" Id="0e13c8d2-2fa1-4803-9bb9-23f3ac6b2f9b" />
    <Project Path="Vector.Search/Vector.Search.csproj" Id="37db4144-0396-48f9-b62a-d426e8c943aa" />
    <Project Path="Vector.Serach.WithOllama/Vector.Serach.WithOllama.csproj" Id="c9b507fd-98c0-447f-969b-48e4180c2dcd" />
  </Folder>
  <Folder Name="/FunctionCall/">
    <Project Path="FunctionCall/FunctionCall.csproj" Id="12387064-f176-404b-bdf6-b9ee3bb16035" />
  </Folder>
  <Folder Name="/RAG/">
    <Project Path="RAG/ChatApp.RAG/ChatApp.RAG.csproj" />
  </Folder>
  <Folder Name="/TextCompletions/">
    <Project Path="TextCompletion.AI.Ollama/TextCompletion.AI.Ollama.csproj" Id="4f7c803f-9e8a-4843-8de1-97ed9bec9d61" />
    <Project Path="TextCompletion/TextCompletion.csproj" />
  </Folder>
</Solution>
